// !$*UTF8*$!
{
	archiveVersion = 1;
	classes = {
	};
	objectVersion = 55;
	objects = {

/* Begin PBXBuildFile section */
		04039EAD29B34674008A1236 /* AppDelegate.swift in Sources */ = {isa = PBXBuildFile; fileRef = 04039EAC29B34674008A1236 /* AppDelegate.swift */; };
		04039EAF29B34675008A1236 /* SceneDelegate.swift in Sources */ = {isa = PBXBuildFile; fileRef = 04039EAE29B34675008A1236 /* SceneDelegate.swift */; };
		04039EB129B34675008A1236 /* ViewController.swift in Sources */ = {isa = PBXBuildFile; fileRef = 04039EB029B34675008A1236 /* ViewController.swift */; };
		04039EB429B34675008A1236 /* Main.storyboard in Resources */ = {isa = PBXBuildFile; fileRef = 04039EB229B34675008A1236 /* Main.storyboard */; };
		04039EB629B34676008A1236 /* Assets.xcassets in Resources */ = {isa = PBXBuildFile; fileRef = 04039EB529B34676008A1236 /* Assets.xcassets */; };
		04039EB929B34676008A1236 /* LaunchScreen.storyboard in Resources */ = {isa = PBXBuildFile; fileRef = 04039EB729B34676008A1236 /* LaunchScreen.storyboard */; };
		044694F229B36EA800B468C0 /* Population.swift in Sources */ = {isa = PBXBuildFile; fileRef = 044694F129B36EA800B468C0 /* Population.swift */; };
		044694F529B36EF200B468C0 /* PopulationApiTableViewCell.swift in Sources */ = {isa = PBXBuildFile; fileRef = 044694F329B36EF200B468C0 /* PopulationApiTableViewCell.swift */; };
		044694F629B36EF200B468C0 /* PopulationApiTableViewCell.xib in Resources */ = {isa = PBXBuildFile; fileRef = 044694F429B36EF200B468C0 /* PopulationApiTableViewCell.xib */; };
		044694F929B36F4000B468C0 /* PopulationTableViewCell.swift in Sources */ = {isa = PBXBuildFile; fileRef = 044694F729B36F4000B468C0 /* PopulationTableViewCell.swift */; };
		044694FA29B36F4000B468C0 /* PopulationTableViewCell.xib in Resources */ = {isa = PBXBuildFile; fileRef = 044694F829B36F4000B468C0 /* PopulationTableViewCell.xib */; };
		044694FC29B36F9400B468C0 /* User.swift in Sources */ = {isa = PBXBuildFile; fileRef = 044694FB29B36F9400B468C0 /* User.swift */; };
		044694FF29B36FD000B468C0 /* UserCollectionViewCell.swift in Sources */ = {isa = PBXBuildFile; fileRef = 044694FD29B36FD000B468C0 /* UserCollectionViewCell.swift */; };
		0446950029B36FD000B468C0 /* UserCollectionViewCell.xib in Resources */ = {isa = PBXBuildFile; fileRef = 044694FE29B36FD000B468C0 /* UserCollectionViewCell.xib */; };
		0446950229B3701200B468C0 /* UserViewController.swift in Sources */ = {isa = PBXBuildFile; fileRef = 0446950129B3701200B468C0 /* UserViewController.swift */; };
		0446950629B370B600B468C0 /* user1ViewController.swift in Sources */ = {isa = PBXBuildFile; fileRef = 0446950529B370B600B468C0 /* user1ViewController.swift */; };
/* End PBXBuildFile section */

/* Begin PBXFileReference section */
		04039EA929B34674008A1236 /* Sphinx_solution_MachineTest.app */ = {isa = PBXFileReference; explicitFileType = wrapper.application; includeInIndex = 0; path = Sphinx_solution_MachineTest.app; sourceTree = BUILT_PRODUCTS_DIR; };
		04039EAC29B34674008A1236 /* AppDelegate.swift */ = {isa = PBXFileReference; lastKnownFileType = sourcecode.swift; path = AppDelegate.swift; sourceTree = "<group>"; };
		04039EAE29B34675008A1236 /* SceneDelegate.swift */ = {isa = PBXFileReference; lastKnownFileType = sourcecode.swift; path = SceneDelegate.swift; sourceTree = "<group>"; };
		04039EB029B34675008A1236 /* ViewController.swift */ = {isa = PBXFileReference; lastKnownFileType = sourcecode.swift; path = ViewController.swift; sourceTree = "<group>"; };
		04039EB329B34675008A1236 /* Base */ = {isa = PBXFileReference; lastKnownFileType = file.storyboard; name = Base; path = Base.lproj/Main.storyboard; sourceTree = "<group>"; };
		04039EB529B34676008A1236 /* Assets.xcassets */ = {isa = PBXFileReference; lastKnownFileType = folder.assetcatalog; path = Assets.xcassets; sourceTree = "<group>"; };
		04039EB829B34676008A1236 /* Base */ = {isa = PBXFileReference; lastKnownFileType = file.storyboard; name = Base; path = Base.lproj/LaunchScreen.storyboard; sourceTree = "<group>"; };
		04039EBA29B34676008A1236 /* Info.plist */ = {isa = PBXFileReference; lastKnownFileType = text.plist.xml; path = Info.plist; sourceTree = "<group>"; };
		044694F129B36EA800B468C0 /* Population.swift */ = {isa = PBXFileReference; lastKnownFileType = sourcecode.swift; path = Population.swift; sourceTree = "<group>"; };
		044694F329B36EF200B468C0 /* PopulationApiTableViewCell.swift */ = {isa = PBXFileReference; lastKnownFileType = sourcecode.swift; path = PopulationApiTableViewCell.swift; sourceTree = "<group>"; };
		044694F429B36EF200B468C0 /* PopulationApiTableViewCell.xib */ = {isa = PBXFileReference; lastKnownFileType = file.xib; path = PopulationApiTableViewCell.xib; sourceTree = "<group>"; };
		044694F729B36F4000B468C0 /* PopulationTableViewCell.swift */ = {isa = PBXFileReference; lastKnownFileType = sourcecode.swift; path = PopulationTableViewCell.swift; sourceTree = "<group>"; };
		044694F829B36F4000B468C0 /* PopulationTableViewCell.xib */ = {isa = PBXFileReference; lastKnownFileType = file.xib; path = PopulationTableViewCell.xib; sourceTree = "<group>"; };
		044694FB29B36F9400B468C0 /* User.swift */ = {isa = PBXFileReference; lastKnownFileType = sourcecode.swift; path = User.swift; sourceTree = "<group>"; };
		044694FD29B36FD000B468C0 /* UserCollectionViewCell.swift */ = {isa = PBXFileReference; lastKnownFileType = sourcecode.swift; path = UserCollectionViewCell.swift; sourceTree = "<group>"; };
		044694FE29B36FD000B468C0 /* UserCollectionViewCell.xib */ = {isa = PBXFileReference; lastKnownFileType = file.xib; path = UserCollectionViewCell.xib; sourceTree = "<group>"; };
		0446950129B3701200B468C0 /* UserViewController.swift */ = {isa = PBXFileReference; lastKnownFileType = sourcecode.swift; path = UserViewController.swift; sourceTree = "<group>"; };
		0446950529B370B600B468C0 /* user1ViewController.swift */ = {isa = PBXFileReference; lastKnownFileType = sourcecode.swift; path = user1ViewController.swift; sourceTree = "<group>"; };
/* End PBXFileReference section */

/* Begin PBXFrameworksBuildPhase section */
		04039EA629B34674008A1236 /* Frameworks */ = {
			isa = PBXFrameworksBuildPhase;
			buildActionMask = 2147483647;
			files = (
			);
			runOnlyForDeploymentPostprocessing = 0;
		};
/* End PBXFrameworksBuildPhase section */

/* Begin PBXGroup section */
		04039EA029B34674008A1236 = {
			isa = PBXGroup;
			children = (
				04039EAB29B34674008A1236 /* Sphinx_solution_MachineTest */,
				04039EAA29B34674008A1236 /* Products */,
			);
			sourceTree = "<group>";
		};
		04039EAA29B34674008A1236 /* Products */ = {
			isa = PBXGroup;
			children = (
				04039EA929B34674008A1236 /* Sphinx_solution_MachineTest.app */,
			);
			name = Products;
			sourceTree = "<group>";
		};
		04039EAB29B34674008A1236 /* Sphinx_solution_MachineTest */ = {
			isa = PBXGroup;
			children = (
				04039EAC29B34674008A1236 /* AppDelegate.swift */,
				04039EAE29B34675008A1236 /* SceneDelegate.swift */,
				04039EB029B34675008A1236 /* ViewController.swift */,
				04039EB229B34675008A1236 /* Main.storyboard */,
				04039EB529B34676008A1236 /* Assets.xcassets */,
				04039EB729B34676008A1236 /* LaunchScreen.storyboard */,
				04039EBA29B34676008A1236 /* Info.plist */,
				044694F129B36EA800B468C0 /* Population.swift */,
				044694F329B36EF200B468C0 /* PopulationApiTableViewCell.swift */,
				044694F429B36EF200B468C0 /* PopulationApiTableViewCell.xib */,
				044694F729B36F4000B468C0 /* PopulationTableViewCell.swift */,
				044694F829B36F4000B468C0 /* PopulationTableViewCell.xib */,
				044694FB29B36F9400B468C0 /* User.swift */,
				044694FD29B36FD000B468C0 /* UserCollectionViewCell.swift */,
				044694FE29B36FD000B468C0 /* UserCollectionViewCell.xib */,
				0446950129B3701200B468C0 /* UserViewController.swift */,
				0446950529B370B600B468C0 /* user1ViewController.swift */,
			);
			path = Sphinx_solution_MachineTest;
			sourceTree = "<group>";
		};
/* End PBXGroup section */

/* Begin PBXNativeTarget section */
		04039EA829B34674008A1236 /* Sphinx_solution_MachineTest */ = {
			isa = PBXNativeTarget;
			buildConfigurationList = 04039EBD29B34676008A1236 /* Build configuration list for PBXNativeTarget "Sphinx_solution_MachineTest" */;
			buildPhases = (
				04039EA529B34674008A1236 /* Sources */,
				04039EA629B34674008A1236 /* Frameworks */,
				04039EA729B34674008A1236 /* Resources */,
			);
			buildRules = (
			);
			dependencies = (
			);
			name = Sphinx_solution_MachineTest;
			productName = Sphinx_solution_MachineTest;
			productReference = 04039EA929B34674008A1236 /* Sphinx_solution_MachineTest.app */;
			productType = "com.apple.product-type.application";
		};
/* End PBXNativeTarget section */

/* Begin PBXProject section */
		04039EA129B34674008A1236 /* Project object */ = {
			isa = PBXProject;
			attributes = {
				BuildIndependentTargetsInParallel = 1;
				LastSwiftUpdateCheck = 1340;
				LastUpgradeCheck = 1340;
				TargetAttributes = {
					04039EA829B34674008A1236 = {
						CreatedOnToolsVersion = 13.4.1;
					};
				};
			};
			buildConfigurationList = 04039EA429B34674008A1236 /* Build configuration list for PBXProject "Sphinx_solution_MachineTest" */;
			compatibilityVersion = "Xcode 13.0";
			developmentRegion = en;
			hasScannedForEncodings = 0;
			knownRegions = (
				en,
				Base,
			);
			mainGroup = 04039EA029B34674008A1236;
			productRefGroup = 04039EAA29B34674008A1236 /* Products */;
			projectDirPath = "";
			projectRoot = "";
			targets = (
				04039EA829B34674008A1236 /* Sphinx_solution_MachineTest */,
			);
		};
/* End PBXProject section */

/* Begin PBXResourcesBuildPhase section */
		04039EA729B34674008A1236 /* Resources */ = {
			isa = PBXResourcesBuildPhase;
			buildActionMask = 2147483647;
			files = (
				04039EB929B34676008A1236 /* LaunchScreen.storyboard in Resources */,
				04039EB629B34676008A1236 /* Assets.xcassets in Resources */,
				04039EB429B34675008A1236 /* Main.storyboard in Resources */,
				0446950029B36FD000B468C0 /* UserCollectionViewCell.xib in Resources */,
				044694F629B36EF200B468C0 /* PopulationApiTableViewCell.xib in Resources */,
				044694FA29B36F4000B468C0 /* PopulationTableViewCell.xib in Resources */,
			);
			runOnlyForDeploymentPostprocessing = 0;
		};
/* End PBXResourcesBuildPhase section */

/* Begin PBXSourcesBuildPhase section */
		04039EA529B34674008A1236 /* Sources */ = {
			isa = PBXSourcesBuildPhase;
			buildActionMask = 2147483647;
			files = (
				044694F929B36F4000B468C0 /* PopulationTableViewCell.swift in Sources */,
				0446950229B3701200B468C0 /* UserViewController.swift in Sources */,
				044694F529B36EF200B468C0 /* PopulationApiTableViewCell.swift in Sources */,
				04039EB129B34675008A1236 /* ViewController.swift in Sources */,
				04039EAD29B34674008A1236 /* AppDelegate.swift in Sources */,
				044694F229B36EA800B468C0 /* Population.swift in Sources */,
				044694FF29B36FD000B468C0 /* UserCollectionViewCell.swift in Sources */,
				0446950629B370B600B468C0 /* user1ViewController.swift in Sources */,
				04039EAF29B34675008A1236 /* SceneDelegate.swift in Sources */,
				044694FC29B36F9400B468C0 /* User.swift in Sources */,
			);
			runOnlyForDeploymentPostprocessing = 0;
		};
/* End PBXSourcesBuildPhase section */

/* Begin PBXVariantGroup section */
		04039EB229B34675008A1236 /* Main.storyboard */ = {
			isa = PBXVariantGroup;
			children = (
				04039EB329B34675008A1236 /* Base */,
			);
			name = Main.storyboard;
			sourceTree = "<group>";
		};
		04039EB729B34676008A1236 /* LaunchScreen.storyboard */ = {
			isa = PBXVariantGroup;
			children = (
				04039EB829B34676008A1236 /* Base */,
			);
			name = LaunchScreen.storyboard;
			sourceTree = "<group>";
		};
/* End PBXVariantGroup section */

/* Begin XCBuildConfiguration section */
		04039EBB29B34676008A1236 /* Debug */ = {
			isa = XCBuildConfiguration;
			buildSettings = {
				ALWAYS_SEARCH_USER_PATHS = NO;
				CLANG_ANALYZER_NONNULL = YES;
				CLANG_ANALYZER_NUMBER_OBJECT_CONVERSION = YES_AGGRESSIVE;
				CLANG_CXX_LANGUAGE_STANDARD = "gnu++17";
				CLANG_ENABLE_MODULES = YES;
				CLANG_ENABLE_OBJC_ARC = YES;
				CLANG_ENABLE_OBJC_WEAK = YES;
				CLANG_WARN_BLOCK_CAPTURE_AUTORELEASING = YES;
				CLANG_WARN_BOOL_CONVERSION = YES;
				CLANG_WARN_COMMA = YES;
				CLANG_WARN_CONSTANT_CONVERSION = YES;
				CLANG_WARN_DEPRECATED_OBJC_IMPLEMENTATIONS = YES;
				CLANG_WARN_DIRECT_OBJC_ISA_USAGE = YES_ERROR;
				CLANG_WARN_DOCUMENTATION_COMMENTS = YES;
				CLANG_WARN_EMPTY_BODY = YES;
				CLANG_WARN_ENUM_CONVERSION = YES;
				CLANG_WARN_INFINITE_RECURSION = YES;
				CLANG_WARN_INT_CONVERSION = YES;
				CLANG_WARN_NON_LITERAL_NULL_CONVERSION = YES;
				CLANG_WARN_OBJC_IMPLICIT_RETAIN_SELF = YES;
				CLANG_WARN_OBJC_LITERAL_CONVERSION = YES;
				CLANG_WARN_OBJC_ROOT_CLASS = YES_ERROR;
				CLANG_WARN_QUOTED_INCLUDE_IN_FRAMEWORK_HEADER = YES;
				CLANG_WARN_RANGE_LOOP_ANALYSIS = YES;
				CLANG_WARN_STRICT_PROTOTYPES = YES;
				CLANG_WARN_SUSPICIOUS_MOVE = YES;
				CLANG_WARN_UNGUARDED_AVAILABILITY = YES_AGGRESSIVE;
				CLANG_WARN_UNREACHABLE_CODE = YES;
				CLANG_WARN__DUPLICATE_METHOD_MATCH = YES;
				COPY_PHASE_STRIP = NO;
				DEBUG_INFORMATION_FORMAT = dwarf;
				ENABLE_STRICT_OBJC_MSGSEND = YES;
				ENABLE_TESTABILITY = YES;
				GCC_C_LANGUAGE_STANDARD = gnu11;
				GCC_DYNAMIC_NO_PIC = NO;
				GCC_NO_COMMON_BLOCKS = YES;
				GCC_OPTIMIZATION_LEVEL = 0;
				GCC_PREPROCESSOR_DEFINITIONS = (
					"DEBUG=1",
					"$(inherited)",
				);
				GCC_WARN_64_TO_32_BIT_CONVERSION = YES;
				GCC_WARN_ABOUT_RETURN_TYPE = YES_ERROR;
				GCC_WARN_UNDECLARED_SELECTOR = YES;
				GCC_WARN_UNINITIALIZED_AUTOS = YES_AGGRESSIVE;
				GCC_WARN_UNUSED_FUNCTION = YES;
				GCC_WARN_UNUSED_VARIABLE = YES;
				IPHONEOS_DEPLOYMENT_TARGET = 15.5;
				MTL_ENABLE_DEBUG_INFO = INCLUDE_SOURCE;
				MTL_FAST_MATH = YES;
				ONLY_ACTIVE_ARCH = YES;
				SDKROOT = iphoneos;
				SWIFT_ACTIVE_COMPILATION_CONDITIONS = DEBUG;
				SWIFT_OPTIMIZATION_LEVEL = "-Onone";
			};
			name = Debug;
		};
		04039EBC29B34676008A1236 /* Release */ = {
			isa = XCBuildConfiguration;
			buildSettings = {
				ALWAYS_SEARCH_USER_PATHS = NO;
				CLANG_ANALYZER_NONNULL = YES;
				CLANG_ANALYZER_NUMBER_OBJECT_CONVERSION = YES_AGGRESSIVE;
				CLANG_CXX_LANGUAGE_STANDARD = "gnu++17";
				CLANG_ENABLE_MODULES = YES;
				CLANG_ENABLE_OBJC_ARC = YES;
				CLANG_ENABLE_OBJC_WEAK = YES;
				CLANG_WARN_BLOCK_CAPTURE_AUTORELEASING = YES;
				CLANG_WARN_BOOL_CONVERSION = YES;
				CLANG_WARN_COMMA = YES;
				CLANG_WARN_CONSTANT_CONVERSION = YES;
				CLANG_WARN_DEPRECATED_OBJC_IMPLEMENTATIONS = YES;
				CLANG_WARN_DIRECT_OBJC_ISA_USAGE = YES_ERROR;
				CLANG_WARN_DOCUMENTATION_COMMENTS = YES;
				CLANG_WARN_EMPTY_BODY = YES;
				CLANG_WARN_ENUM_CONVERSION = YES;
				CLANG_WARN_INFINITE_RECURSION = YES;
				CLANG_WARN_INT_CONVERSION = YES;
				CLANG_WARN_NON_LITERAL_NULL_CONVERSION = YES;
				CLANG_WARN_OBJC_IMPLICIT_RETAIN_SELF = YES;
				CLANG_WARN_OBJC_LITERAL_CONVERSION = YES;
				CLANG_WARN_OBJC_ROOT_CLASS = YES_ERROR;
				CLANG_WARN_QUOTED_INCLUDE_IN_FRAMEWORK_HEADER = YES;
				CLANG_WARN_RANGE_LOOP_ANALYSIS = YES;
				CLANG_WARN_STRICT_PROTOTYPES = YES;
				CLANG_WARN_SUSPICIOUS_MOVE = YES;
				CLANG_WARN_UNGUARDED_AVAILABILITY = YES_AGGRESSIVE;
				CLANG_WARN_UNREACHABLE_CODE = YES;
				CLANG_WARN__DUPLICATE_METHOD_MATCH = YES;
				COPY_PHASE_STRIP = NO;
				DEBUG_INFORMATION_FORMAT = "dwarf-with-dsym";
				ENABLE_NS_ASSERTIONS = NO;
				ENABLE_STRICT_OBJC_MSGSEND = YES;
				GCC_C_LANGUAGE_STANDARD = gnu11;
				GCC_NO_COMMON_BLOCKS = YES;
				GCC_WARN_64_TO_32_BIT_CONVERSION = YES;
				GCC_WARN_ABOUT_RETURN_TYPE = YES_ERROR;
				GCC_WARN_UNDECLARED_SELECTOR = YES;
				GCC_WARN_UNINITIALIZED_AUTOS = YES_AGGRESSIVE;
				GCC_WARN_UNUSED_FUNCTION = YES;
				GCC_WARN_UNUSED_VARIABLE = YES;
				IPHONEOS_DEPLOYMENT_TARGET = 15.5;
				MTL_ENABLE_DEBUG_INFO = NO;
				MTL_FAST_MATH = YES;
				SDKROOT = iphoneos;
				SWIFT_COMPILATION_MODE = wholemodule;
				SWIFT_OPTIMIZATION_LEVEL = "-O";
				VALIDATE_PRODUCT = YES;
			};
			name = Release;
		};
		04039EBE29B34676008A1236 /* Debug */ = {
			isa = XCBuildConfiguration;
			buildSettings = {
				ASSETCATALOG_COMPILER_APPICON_NAME = AppIcon;
				ASSETCATALOG_COMPILER_GLOBAL_ACCENT_COLOR_NAME = AccentColor;
				CODE_SIGN_STYLE = Automatic;
				CURRENT_PROJECT_VERSION = 1;
				GENERATE_INFOPLIST_FILE = YES;
				INFOPLIST_FILE = Sphinx_solution_MachineTest/Info.plist;
				INFOPLIST_KEY_UIApplicationSupportsIndirectInputEvents = YES;
				INFOPLIST_KEY_UILaunchStoryboardName = LaunchScreen;
				INFOPLIST_KEY_UIMainStoryboardFile = Main;
				INFOPLIST_KEY_UISupportedInterfaceOrientations_iPad = "UIInterfaceOrientationPortrait UIInterfaceOrientationPortraitUpsideDown UIInterfaceOrientationLandscapeLeft UIInterfaceOrientationLandscapeRight";
				INFOPLIST_KEY_UISupportedInterfaceOrientations_iPhone = "UIInterfaceOrientationPortrait UIInterfaceOrientationLandscapeLeft UIInterfaceOrientationLandscapeRight";
				LD_RUNPATH_SEARCH_PATHS = (
					"$(inherited)",
					"@executable_path/Frameworks",
				);
				MARKETING_VERSION = 1.0;
				PRODUCT_BUNDLE_IDENTIFIER = "yuvi.Sphinx-solution-MachineTest";
				PRODUCT_NAME = "$(TARGET_NAME)";
				SWIFT_EMIT_LOC_STRINGS = YES;
				SWIFT_VERSION = 5.0;
				TARGETED_DEVICE_FAMILY = "1,2";
			};
			name = Debug;
		};
		04039EBF29B34676008A1236 /* Release */ = {
			isa = XCBuildConfiguration;
			buildSettings = {
				ASSETCATALOG_COMPILER_APPICON_NAME = AppIcon;
				ASSETCATALOG_COMPILER_GLOBAL_ACCENT_COLOR_NAME = AccentColor;
				CODE_SIGN_STYLE = Automatic;
				CURRENT_PROJECT_VERSION = 1;
				GENERATE_INFOPLIST_FILE = YES;
				INFOPLIST_FILE = Sphinx_solution_MachineTest/Info.plist;
				INFOPLIST_KEY_UIApplicationSupportsIndirectInputEvents = YES;
				INFOPLIST_KEY_UILaunchStoryboardName = LaunchScreen;
				INFOPLIST_KEY_UIMainStoryboardFile = Main;
				INFOPLIST_KEY_UISupportedInterfaceOrientations_iPad = "UIInterfaceOrientationPortrait UIInterfaceOrientationPortraitUpsideDown UIInterfaceOrientationLandscapeLeft UIInterfaceOrientationLandscapeRight";
				INFOPLIST_KEY_UISupportedInterfaceOrientations_iPhone = "UIInterfaceOrientationPortrait UIInterfaceOrientationLandscapeLeft UIInterfaceOrientationLandscapeRight";
				LD_RUNPATH_SEARCH_PATHS = (
					"$(inherited)",
					"@executable_path/Frameworks",
				);
				MARKETING_VERSION = 1.0;
				PRODUCT_BUNDLE_IDENTIFIER = "yuvi.Sphinx-solution-MachineTest";
				PRODUCT_NAME = "$(TARGET_NAME)";
				SWIFT_EMIT_LOC_STRINGS = YES;
				SWIFT_VERSION = 5.0;
				TARGETED_DEVICE_FAMILY = "1,2";
			};
			name = Release;
		};
/* End XCBuildConfiguration section */

/* Begin XCConfigurationList section */
		04039EA429B34674008A1236 /* Build configuration list for PBXProject "Sphinx_solution_MachineTest" */ = {
			isa = XCConfigurationList;
			buildConfigurations = (
				04039EBB29B34676008A1236 /* Debug */,
				04039EBC29B34676008A1236 /* Release */,
			);
			defaultConfigurationIsVisible = 0;
			defaultConfigurationName = Release;
		};
		04039EBD29B34676008A1236 /* Build configuration list for PBXNativeTarget "Sphinx_solution_MachineTest" */ = {
			isa = XCConfigurationList;
			buildConfigurations = (
				04039EBE29B34676008A1236 /* Debug */,
				04039EBF29B34676008A1236 /* Release */,
			);
			defaultConfigurationIsVisible = 0;
			defaultConfigurationName = Release;
		};
/* End XCConfigurationList section */
	};
	rootObject = 04039EA129B34674008A1236 /* Project object */;
}
